
Microsoft Visual Studio Solution File, Format Version 12.00
# Visual Studio Version 17
VisualStudioVersion = 17.2.32519.379
MinimumVisualStudioVersion = 10.0.40219.1
Project("{FAE04EC0-301F-11D3-BF4B-00C04F79EFBC}") = "Exercicio1", "Exercicio1\Exercicio1.csproj", "{B997205F-1ACF-48AC-AC10-D0361F6685AD}"
EndProject
Global
	GlobalSection(SolutionConfigurationPlatforms) = preSolution
		Debug|Any CPU = Debug|Any CPU
		Release|Any CPU = Release|Any CPU
	EndGlobalSection
	GlobalSection(ProjectConfigurationPlatforms) = postSolution
		{B997205F-1ACF-48AC-AC10-D0361F6685AD}.Debug|Any CPU.ActiveCfg = Debug|Any CPU
		{B997205F-1ACF-48AC-AC10-D0361F6685AD}.Debug|Any CPU.Build.0 = Debug|Any CPU
		{B997205F-1ACF-48AC-AC10-D0361F6685AD}.Release|Any CPU.ActiveCfg = Release|Any CPU
		{B997205F-1ACF-48AC-AC10-D0361F6685AD}.Release|Any CPU.Build.0 = Release|Any CPU
	EndGlobalSection
	GlobalSection(SolutionProperties) = preSolution
		HideSolutionNode = FALSE
	EndGlobalSection
	GlobalSection(ExtensibilityGlobals) = postSolution
		SolutionGuid = {AADEE9CF-CCAF-4782-B973-F66D96634541}
	EndGlobalSection
EndGlobal
