
Microsoft Visual Studio Solution File, Format Version 12.00
# Visual Studio Version 17
VisualStudioVersion = 17.2.32519.379
MinimumVisualStudioVersion = 10.0.40219.1
Project("{FAE04EC0-301F-11D3-BF4B-00C04F79EFBC}") = "conversoes_implicita_e_casting", "conversoes_implicita_e_casting\conversoes_implicita_e_casting.csproj", "{9DABDA2C-19A9-4702-BD66-3C7ADD57F661}"
EndProject
Global
	GlobalSection(SolutionConfigurationPlatforms) = preSolution
		Debug|Any CPU = Debug|Any CPU
		Release|Any CPU = Release|Any CPU
	EndGlobalSection
	GlobalSection(ProjectConfigurationPlatforms) = postSolution
		{9DABDA2C-19A9-4702-BD66-3C7ADD57F661}.Debug|Any CPU.ActiveCfg = Debug|Any CPU
		{9DABDA2C-19A9-4702-BD66-3C7ADD57F661}.Debug|Any CPU.Build.0 = Debug|Any CPU
		{9DABDA2C-19A9-4702-BD66-3C7ADD57F661}.Release|Any CPU.ActiveCfg = Release|Any CPU
		{9DABDA2C-19A9-4702-BD66-3C7ADD57F661}.Release|Any CPU.Build.0 = Release|Any CPU
	EndGlobalSection
	GlobalSection(SolutionProperties) = preSolution
		HideSolutionNode = FALSE
	EndGlobalSection
	GlobalSection(ExtensibilityGlobals) = postSolution
		SolutionGuid = {A67299E2-172E-497A-8371-8377E03ED252}
	EndGlobalSection
EndGlobal
